{
  "name": "codyv.dev",
  "lockfileVersion": 3,
  "requires": true,
  "packages": {
    "": {
      "devDependencies": {
        "@hugomods/prettier-config": "^0.2.0"
      }
    },
    "node_modules/@hugomods/prettier-config": {
      "version": "0.2.0",
      "resolved": "https://registry.npmjs.org/@hugomods/prettier-config/-/prettier-config-0.2.0.tgz",
      "integrity": "sha512-qh1NGbumuXGTHV4B56PIVQvp0/r9Cvmt7oDrK3uC3nqMzHxpeWAVh8XfnuLYJY1jXQWYf34aovLn+teZWRqpzA==",
      "dev": true,
      "dependencies": {
        "prettier": "^3.0.0",
        "prettier-plugin-go-template": "^0.0.15",
        "prettier-plugin-toml": "^2.0.1"
      }
    },
    "node_modules/@taplo/core": {
      "version": "0.2.0",
      "resolved": "https://registry.npmjs.org/@taplo/core/-/core-0.2.0.tgz",
      "integrity": "sha512-r8bl54Zj1In3QLkiW/ex694bVzpPJ9EhwqT9xkcUVODnVUGirdB1JTsmiIv0o1uwqZiwhi8xNnTOQBRQCpizrQ==",
      "dev": true
    },
    "node_modules/@taplo/lib": {
      "version": "0.5.0",
      "resolved": "https://registry.npmjs.org/@taplo/lib/-/lib-0.5.0.tgz",
      "integrity": "sha512-+xIqpQXJco3T+VGaTTwmhxLa51qpkQxCjRwezjFZgr+l21ExlywJFcDfTrNmL6lG6tqb0h8GyJKO3UPGPtSCWg==",
      "dev": true,
      "dependencies": {
        "@taplo/core": "^0.2.0"
      }
    },
    "node_modules/prettier": {
      "version": "3.8.4",
      "resolved": "https://registry.npmjs.org/prettier/-/prettier-3.8.4.tgz",
      "integrity": "sha512-N2MylSdi48+5N/6S5j+maeHbUSIzzZ5uOcX5Hm4QpV8Dkb1HFjfAKTKX6yNPJQD9AhcT3ifHNB66tWTTJDi11Q==",
      "dev": true,
      "bin": {
        "prettier": "bin/prettier.cjs"
      },
      "engines": {
        "node": ">=14"
      },
      "funding": {
        "url": "https://github.com/prettier/prettier?sponsor=1"
      }
    },
    "node_modules/prettier-plugin-go-template": {
      "version": "0.0.15",
      "resolved": "https://registry.npmjs.org/prettier-plugin-go-template/-/prettier-plugin-go-template-0.0.15.tgz",
      "integrity": "sha512-WqU92E1NokWYNZ9mLE6ijoRg6LtIGdLMePt2C7UBDjXeDH9okcRI3zRqtnWR4s5AloiqyvZ66jNBAa9tmRY5EQ==",
      "dev": true,
      "dependencies": {
        "ulid": "^2.3.0"
      },
      "engines": {
        "node": ">=14.0.0"
      },
      "peerDependencies": {
        "prettier": "^3.0.0"
      }
    },
    "node_modules/prettier-plugin-toml": {
      "version": "2.0.6",
      "resolved": "https://registry.npmjs.org/prettier-plugin-toml/-/prettier-plugin-toml-2.0.6.tgz",
      "integrity": "sha512-12N/wBuHa9jd/KVy9pRP20NMKxQfQLMseQCt66lIbLaPLItvGUcSIryE1eZZMJ7loSws6Ig3M2Elc2EreNh76w==",
      "dev": true,
      "dependencies": {
        "@taplo/lib": "^0.5.0"
      },
      "engines": {
        "node": ">=16.0.0"
      },
      "funding": {
        "url": "https://opencollective.com/unts"
      },
      "peerDependencies": {
        "prettier": "^3.0.3"
      }
    },
    "node_modules/ulid": {
      "version": "2.4.0",
      "resolved": "https://registry.npmjs.org/ulid/-/ulid-2.4.0.tgz",
      "integrity": "sha512-fIRiVTJNcSRmXKPZtGzFQv9WRrZ3M9eoptl/teFJvjOzmpU+/K/JH6HZ8deBfb5vMEpicJcLn7JmvdknlMq7Zg==",
      "dev": true,
      "bin": {
        "ulid": "bin/cli.js"
      }
    }
  }
}
